Microsoft Visual Studio Solution File, Format Version 12.00
# Visual Studio Version 17
VisualStudioVersion = 17.5.2.0
MinimumVisualStudioVersion = 10.0.40219.1
Project("{FAE04EC0-301F-11D3-BF4B-00C04F79EFBC}") = "HitsterCardGenerator", "HitsterCardGenerator.csproj", "{94179FD6-6616-5364-8AE5-C5A4E4408803}"
EndProject
Global
	GlobalSection(SolutionConfigurationPlatforms) = preSolution
		Debug|Any CPU = Debug|Any CPU
		Release|Any CPU = Release|Any CPU
	EndGlobalSection
	GlobalSection(ProjectConfigurationPlatforms) = postSolution
		{94179FD6-6616-5364-8AE5-C5A4E4408803}.Debug|Any CPU.ActiveCfg = Debug|Any CPU
		{94179FD6-6616-5364-8AE5-C5A4E4408803}.Debug|Any CPU.Build.0 = Debug|Any CPU
		{94179FD6-6616-5364-8AE5-C5A4E4408803}.Release|Any CPU.ActiveCfg = Release|Any CPU
		{94179FD6-6616-5364-8AE5-C5A4E4408803}.Release|Any CPU.Build.0 = Release|Any CPU
	EndGlobalSection
	GlobalSection(SolutionProperties) = preSolution
		HideSolutionNode = FALSE
	EndGlobalSection
	GlobalSection(ExtensibilityGlobals) = postSolution
		SolutionGuid = {0F9A4814-7B1B-400B-B832-B38AECEA5619}
	EndGlobalSection
EndGlobal
